// !$*UTF8*$!
{
	archiveVersion = 1;
	classes = {
	};
	objectVersion = 46;
	objects = {

/* Begin PBXBuildFile section */
		4C51C0CA5F450E90B284AC58 /* Pods.framework in Frameworks */ = {isa = PBXBuildFile; fileRef = E10E23B4E6477C79A22DA17A /* Pods.framework */; settings = {ATTRIBUTES = (Weak, ); }; };
		6003F5B1195388D20070C39A /* Foundation.framework in Frameworks */ = {isa = PBXBuildFile; fileRef = 6003F58D195388D20070C39A /* Foundation.framework */; };
		6003F5B2195388D20070C39A /* UIKit.framework in Frameworks */ = {isa = PBXBuildFile; fileRef = 6003F591195388D20070C39A /* UIKit.framework */; };
		CC397A691AC5C22200208027 /* copyright.txt in Resources */ = {isa = PBXBuildFile; fileRef = CC397A651AC5C22200208027 /* copyright.txt */; };
		CC397A6A1AC5C22200208027 /* Liferay-Push.podspec in Resources */ = {isa = PBXBuildFile; fileRef = CC397A661AC5C22200208027 /* Liferay-Push.podspec */; };
		CC397A6B1AC5C22200208027 /* Podfile in Resources */ = {isa = PBXBuildFile; fileRef = CC397A671AC5C22200208027 /* Podfile */; };
		CC397A711AC5C52300208027 /* PushTest.swift in Sources */ = {isa = PBXBuildFile; fileRef = CC397A701AC5C52300208027 /* PushTest.swift */; };
		CC73C7B01AC60711009052D1 /* LRPush.swift in Sources */ = {isa = PBXBuildFile; fileRef = CC73C7AF1AC60711009052D1 /* LRPush.swift */; };
		CCB9E53F1AC4CE12008B2348 /* LRPushNotificationsDeviceService_v62.m in Sources */ = {isa = PBXBuildFile; fileRef = CCB9E53B1AC4CE12008B2348 /* LRPushNotificationsDeviceService_v62.m */; };
		CCEBE3131ACAB59B00ADCFF6 /* LRMobileSDK.framework in Frameworks */ = {isa = PBXBuildFile; fileRef = CCEBE3121ACAB59B00ADCFF6 /* LRMobileSDK.framework */; };
		CCF220E01AC4D3A300BCD3DD /* settings.plist in Resources */ = {isa = PBXBuildFile; fileRef = CCB9E5431AC4CEDE008B2348 /* settings.plist */; };
/* End PBXBuildFile section */

/* Begin PBXFileReference section */
		1484AFBB66632F6ADEF636DA /* Pods.debug.xcconfig */ = {isa = PBXFileReference; includeInIndex = 1; lastKnownFileType = text.xcconfig; name = Pods.debug.xcconfig; path = "Pods/Target Support Files/Pods/Pods.debug.xcconfig"; sourceTree = "<group>"; };
		481DC7505B5FAB6F83793CF8 /* Pods.release.xcconfig */ = {isa = PBXFileReference; includeInIndex = 1; lastKnownFileType = text.xcconfig; name = Pods.release.xcconfig; path = "Pods/Target Support Files/Pods/Pods.release.xcconfig"; sourceTree = "<group>"; };
		6003F58A195388D20070C39A /* Liferay-Push.app */ = {isa = PBXFileReference; explicitFileType = wrapper.application; includeInIndex = 0; path = "Liferay-Push.app"; sourceTree = BUILT_PRODUCTS_DIR; };
		6003F58D195388D20070C39A /* Foundation.framework */ = {isa = PBXFileReference; lastKnownFileType = wrapper.framework; name = Foundation.framework; path = System/Library/Frameworks/Foundation.framework; sourceTree = SDKROOT; };
		6003F58F195388D20070C39A /* CoreGraphics.framework */ = {isa = PBXFileReference; lastKnownFileType = wrapper.framework; name = CoreGraphics.framework; path = System/Library/Frameworks/CoreGraphics.framework; sourceTree = SDKROOT; };
		6003F591195388D20070C39A /* UIKit.framework */ = {isa = PBXFileReference; lastKnownFileType = wrapper.framework; name = UIKit.framework; path = System/Library/Frameworks/UIKit.framework; sourceTree = SDKROOT; };
		6003F5AE195388D20070C39A /* Liferay-Push.xctest */ = {isa = PBXFileReference; explicitFileType = wrapper.cfbundle; includeInIndex = 0; path = "Liferay-Push.xctest"; sourceTree = BUILT_PRODUCTS_DIR; };
		63C8DEC280D65B4CD624AAB5 /* libPods-Liferay-Push.a */ = {isa = PBXFileReference; explicitFileType = archive.ar; includeInIndex = 0; path = "libPods-Liferay-Push.a"; sourceTree = BUILT_PRODUCTS_DIR; };
		91D4F3E1AAEE0701A5E76216 /* Pods.debug.xcconfig */ = {isa = PBXFileReference; includeInIndex = 1; lastKnownFileType = text.xcconfig; name = Pods.debug.xcconfig; path = "Pods/Target Support Files/Pods/Pods.debug.xcconfig"; sourceTree = "<group>"; };
		A81CB4F2910187118DD98117 /* Pods.release.xcconfig */ = {isa = PBXFileReference; includeInIndex = 1; lastKnownFileType = text.xcconfig; name = Pods.release.xcconfig; path = "Pods/Target Support Files/Pods/Pods.release.xcconfig"; sourceTree = "<group>"; };
		CC0C80E01ACA212900776B5F /* Liferay-Push-Bridging-Header.h */ = {isa = PBXFileReference; fileEncoding = 4; lastKnownFileType = sourcecode.c.h; path = "Liferay-Push-Bridging-Header.h"; sourceTree = "<group>"; };
		CC397A651AC5C22200208027 /* copyright.txt */ = {isa = PBXFileReference; fileEncoding = 4; lastKnownFileType = text; path = copyright.txt; sourceTree = "<group>"; };
		CC397A661AC5C22200208027 /* Liferay-Push.podspec */ = {isa = PBXFileReference; fileEncoding = 4; lastKnownFileType = text; path = "Liferay-Push.podspec"; sourceTree = "<group>"; };
		CC397A671AC5C22200208027 /* Podfile */ = {isa = PBXFileReference; fileEncoding = 4; lastKnownFileType = text; path = Podfile; sourceTree = "<group>"; xcLanguageSpecificationIdentifier = xcode.lang.ruby; };
		CC397A681AC5C22200208027 /* README.md */ = {isa = PBXFileReference; fileEncoding = 4; lastKnownFileType = net.daringfireball.markdown; path = README.md; sourceTree = "<group>"; };
		CC397A701AC5C52300208027 /* PushTest.swift */ = {isa = PBXFileReference; fileEncoding = 4; lastKnownFileType = sourcecode.swift; path = PushTest.swift; sourceTree = "<group>"; };
		CC73C7AF1AC60711009052D1 /* LRPush.swift */ = {isa = PBXFileReference; fileEncoding = 4; lastKnownFileType = sourcecode.swift; path = LRPush.swift; sourceTree = "<group>"; };
		CCB9E53A1AC4CE12008B2348 /* LRPushNotificationsDeviceService_v62.h */ = {isa = PBXFileReference; fileEncoding = 4; lastKnownFileType = sourcecode.c.h; path = LRPushNotificationsDeviceService_v62.h; sourceTree = "<group>"; };
		CCB9E53B1AC4CE12008B2348 /* LRPushNotificationsDeviceService_v62.m */ = {isa = PBXFileReference; fileEncoding = 4; lastKnownFileType = sourcecode.c.objc; path = LRPushNotificationsDeviceService_v62.m; sourceTree = "<group>"; };
		CCB9E5431AC4CEDE008B2348 /* settings.plist */ = {isa = PBXFileReference; fileEncoding = 4; lastKnownFileType = text.plist.xml; path = settings.plist; sourceTree = "<group>"; };
		CCB9E5451AC4CEDE008B2348 /* Test-Prefix.pch */ = {isa = PBXFileReference; fileEncoding = 4; lastKnownFileType = sourcecode.c.h; path = "Test-Prefix.pch"; sourceTree = "<group>"; };
		CCEBE3121ACAB59B00ADCFF6 /* LRMobileSDK.framework */ = {isa = PBXFileReference; lastKnownFileType = wrapper.framework; name = LRMobileSDK.framework; path = "Pods/../build/Debug-iphoneos/Pods/LRMobileSDK.framework"; sourceTree = "<group>"; };
		CCF220E11AC4D5C100BCD3DD /* Test-Info.plist */ = {isa = PBXFileReference; fileEncoding = 4; lastKnownFileType = text.plist.xml; path = "Test-Info.plist"; sourceTree = "<group>"; };
		E10E23B4E6477C79A22DA17A /* Pods.framework */ = {isa = PBXFileReference; explicitFileType = wrapper.framework; includeInIndex = 0; path = Pods.framework; sourceTree = BUILT_PRODUCTS_DIR; };
		F43467248379B49A6AC1B08D /* libPods.a */ = {isa = PBXFileReference; explicitFileType = archive.ar; includeInIndex = 0; path = libPods.a; sourceTree = BUILT_PRODUCTS_DIR; };
/* End PBXFileReference section */

/* Begin PBXFrameworksBuildPhase section */
		6003F5AB195388D20070C39A /* Frameworks */ = {
			isa = PBXFrameworksBuildPhase;
			buildActionMask = 2147483647;
			files = (
				CCEBE3131ACAB59B00ADCFF6 /* LRMobileSDK.framework in Frameworks */,
				6003F5B2195388D20070C39A /* UIKit.framework in Frameworks */,
				6003F5B1195388D20070C39A /* Foundation.framework in Frameworks */,
				4C51C0CA5F450E90B284AC58 /* Pods.framework in Frameworks */,
			);
			runOnlyForDeploymentPostprocessing = 0;
		};
/* End PBXFrameworksBuildPhase section */

/* Begin PBXGroup section */
		3F335B78E619B439163FA890 /* Pods */ = {
			isa = PBXGroup;
			children = (
				91D4F3E1AAEE0701A5E76216 /* Pods.debug.xcconfig */,
				481DC7505B5FAB6F83793CF8 /* Pods.release.xcconfig */,
			);
			name = Pods;
			sourceTree = "<group>";
		};
		6003F581195388D10070C39A = {
			isa = PBXGroup;
			children = (
				CCB9E5341AC4CE12008B2348 /* Core */,
				CCB9E5371AC4CE12008B2348 /* Service */,
				CCB9E53C1AC4CE12008B2348 /* Test */,
				CC397A651AC5C22200208027 /* copyright.txt */,
				CC397A661AC5C22200208027 /* Liferay-Push.podspec */,
				CC397A671AC5C22200208027 /* Podfile */,
				CC397A681AC5C22200208027 /* README.md */,
				CC397A6D1AC5C2F600208027 /* Xcode */,
				BA91E4A3C39BF17F3C1FADDE /* Frameworks */,
				3F335B78E619B439163FA890 /* Pods */,
			);
			sourceTree = "<group>";
		};
		6003F58B195388D20070C39A /* Products */ = {
			isa = PBXGroup;
			children = (
				6003F58A195388D20070C39A /* Liferay-Push.app */,
				6003F5AE195388D20070C39A /* Liferay-Push.xctest */,
			);
			name = Products;
			sourceTree = "<group>";
		};
		6003F58C195388D20070C39A /* Frameworks */ = {
			isa = PBXGroup;
			children = (
				6003F58D195388D20070C39A /* Foundation.framework */,
				6003F58F195388D20070C39A /* CoreGraphics.framework */,
				6003F591195388D20070C39A /* UIKit.framework */,
				F43467248379B49A6AC1B08D /* libPods.a */,
				63C8DEC280D65B4CD624AAB5 /* libPods-Liferay-Push.a */,
			);
			name = Frameworks;
			sourceTree = "<group>";
		};
		BA91E4A3C39BF17F3C1FADDE /* Frameworks */ = {
			isa = PBXGroup;
			children = (
				CCEBE3121ACAB59B00ADCFF6 /* LRMobileSDK.framework */,
				E10E23B4E6477C79A22DA17A /* Pods.framework */,
			);
			name = Frameworks;
			sourceTree = "<group>";
		};
		CC397A6D1AC5C2F600208027 /* Xcode */ = {
			isa = PBXGroup;
			children = (
				6003F58C195388D20070C39A /* Frameworks */,
				DFDEF1D66D46072CE708E777 /* Pods */,
				6003F58B195388D20070C39A /* Products */,
			);
			name = Xcode;
			sourceTree = "<group>";
		};
		CCB9E5341AC4CE12008B2348 /* Core */ = {
			isa = PBXGroup;
			children = (
				CC73C7AF1AC60711009052D1 /* LRPush.swift */,
			);
			path = Core;
			sourceTree = "<group>";
		};
		CCB9E5371AC4CE12008B2348 /* Service */ = {
			isa = PBXGroup;
			children = (
				CCB9E5381AC4CE12008B2348 /* v62 */,
			);
			path = Service;
			sourceTree = "<group>";
		};
		CCB9E5381AC4CE12008B2348 /* v62 */ = {
			isa = PBXGroup;
			children = (
				CCB9E5391AC4CE12008B2348 /* pushnotificationsdevice */,
			);
			path = v62;
			sourceTree = "<group>";
		};
		CCB9E5391AC4CE12008B2348 /* pushnotificationsdevice */ = {
			isa = PBXGroup;
			children = (
				CCB9E53A1AC4CE12008B2348 /* LRPushNotificationsDeviceService_v62.h */,
				CCB9E53B1AC4CE12008B2348 /* LRPushNotificationsDeviceService_v62.m */,
			);
			path = pushnotificationsdevice;
			sourceTree = "<group>";
		};
		CCB9E53C1AC4CE12008B2348 /* Test */ = {
			isa = PBXGroup;
			children = (
				CCB9E5411AC4CEDE008B2348 /* Supporting Files */,
				CC397A701AC5C52300208027 /* PushTest.swift */,
			);
			path = Test;
			sourceTree = "<group>";
		};
		CCB9E5411AC4CEDE008B2348 /* Supporting Files */ = {
			isa = PBXGroup;
			children = (
				CC0C80E01ACA212900776B5F /* Liferay-Push-Bridging-Header.h */,
				CCB9E5431AC4CEDE008B2348 /* settings.plist */,
				CCF220E11AC4D5C100BCD3DD /* Test-Info.plist */,
				CCB9E5451AC4CEDE008B2348 /* Test-Prefix.pch */,
			);
			path = "Supporting Files";
			sourceTree = "<group>";
		};
		DFDEF1D66D46072CE708E777 /* Pods */ = {
			isa = PBXGroup;
			children = (
				1484AFBB66632F6ADEF636DA /* Pods.debug.xcconfig */,
				A81CB4F2910187118DD98117 /* Pods.release.xcconfig */,
			);
			name = Pods;
			sourceTree = "<group>";
		};
/* End PBXGroup section */

/* Begin PBXNativeTarget section */
		6003F5AD195388D20070C39A /* Liferay-Push */ = {
			isa = PBXNativeTarget;
			buildConfigurationList = 6003F5C2195388D20070C39A /* Build configuration list for PBXNativeTarget "Liferay-Push" */;
			buildPhases = (
				9532F67EC136E24F502C0AB6 /* Check Pods Manifest.lock */,
				6003F5AA195388D20070C39A /* Sources */,
				6003F5AB195388D20070C39A /* Frameworks */,
				6003F5AC195388D20070C39A /* Resources */,
				4AC3FFE94DAF8B85240659F6 /* Copy Pods Resources */,
				FF72302C9ACAE5751A153EFD /* Embed Pods Frameworks */,
			);
			buildRules = (
			);
			dependencies = (
			);
			name = "Liferay-Push";
			productName = "Liferay-PushTests";
			productReference = 6003F5AE195388D20070C39A /* Liferay-Push.xctest */;
			productType = "com.apple.product-type.bundle.unit-test";
		};
/* End PBXNativeTarget section */

/* Begin PBXProject section */
		6003F582195388D10070C39A /* Project object */ = {
			isa = PBXProject;
			attributes = {
				CLASSPREFIX = LR;
				LastSwiftMigration = 0700;
				LastSwiftUpdateCheck = 0700;
				LastUpgradeCheck = 0620;
				ORGANIZATIONNAME = "Bruno Farache";
				TargetAttributes = {
					6003F5AD195388D20070C39A = {
						TestTargetID = 6003F589195388D20070C39A;
					};
				};
			};
			buildConfigurationList = 6003F585195388D10070C39A /* Build configuration list for PBXProject "Liferay-Push" */;
			compatibilityVersion = "Xcode 3.2";
			developmentRegion = English;
			hasScannedForEncodings = 0;
			knownRegions = (
				en,
				Base,
			);
			mainGroup = 6003F581195388D10070C39A;
			productRefGroup = 6003F58B195388D20070C39A /* Products */;
			projectDirPath = "";
			projectRoot = "";
			targets = (
				6003F5AD195388D20070C39A /* Liferay-Push */,
			);
		};
/* End PBXProject section */

/* Begin PBXResourcesBuildPhase section */
		6003F5AC195388D20070C39A /* Resources */ = {
			isa = PBXResourcesBuildPhase;
			buildActionMask = 2147483647;
			files = (
				CC397A691AC5C22200208027 /* copyright.txt in Resources */,
				CCF220E01AC4D3A300BCD3DD /* settings.plist in Resources */,
				CC397A6B1AC5C22200208027 /* Podfile in Resources */,
				CC397A6A1AC5C22200208027 /* Liferay-Push.podspec in Resources */,
			);
			runOnlyForDeploymentPostprocessing = 0;
		};
/* End PBXResourcesBuildPhase section */

/* Begin PBXShellScriptBuildPhase section */
		4AC3FFE94DAF8B85240659F6 /* Copy Pods Resources */ = {
			isa = PBXShellScriptBuildPhase;
			buildActionMask = 2147483647;
			files = (
			);
			inputPaths = (
			);
			name = "Copy Pods Resources";
			outputPaths = (
			);
			runOnlyForDeploymentPostprocessing = 0;
			shellPath = /bin/sh;
			shellScript = "\"${SRCROOT}/Pods/Target Support Files/Pods/Pods-resources.sh\"\n";
			showEnvVarsInLog = 0;
		};
		9532F67EC136E24F502C0AB6 /* Check Pods Manifest.lock */ = {
			isa = PBXShellScriptBuildPhase;
			buildActionMask = 2147483647;
			files = (
			);
			inputPaths = (
			);
			name = "Check Pods Manifest.lock";
			outputPaths = (
			);
			runOnlyForDeploymentPostprocessing = 0;
			shellPath = /bin/sh;
			shellScript = "diff \"${PODS_ROOT}/../Podfile.lock\" \"${PODS_ROOT}/Manifest.lock\" > /dev/null\nif [[ $? != 0 ]] ; then\n    cat << EOM\nerror: The sandbox is not in sync with the Podfile.lock. Run 'pod install' or update your CocoaPods installation.\nEOM\n    exit 1\nfi\n";
			showEnvVarsInLog = 0;
		};
		FF72302C9ACAE5751A153EFD /* Embed Pods Frameworks */ = {
			isa = PBXShellScriptBuildPhase;
			buildActionMask = 2147483647;
			files = (
			);
			inputPaths = (
			);
			name = "Embed Pods Frameworks";
			outputPaths = (
			);
			runOnlyForDeploymentPostprocessing = 0;
			shellPath = /bin/sh;
			shellScript = "\"${SRCROOT}/Pods/Target Support Files/Pods/Pods-frameworks.sh\"\n";
			showEnvVarsInLog = 0;
		};
/* End PBXShellScriptBuildPhase section */

/* Begin PBXSourcesBuildPhase section */
		6003F5AA195388D20070C39A /* Sources */ = {
			isa = PBXSourcesBuildPhase;
			buildActionMask = 2147483647;
			files = (
				CC73C7B01AC60711009052D1 /* LRPush.swift in Sources */,
				CC397A711AC5C52300208027 /* PushTest.swift in Sources */,
				CCB9E53F1AC4CE12008B2348 /* LRPushNotificationsDeviceService_v62.m in Sources */,
			);
			runOnlyForDeploymentPostprocessing = 0;
		};
/* End PBXSourcesBuildPhase section */

/* Begin XCBuildConfiguration section */
		6003F5BD195388D20070C39A /* Debug */ = {
			isa = XCBuildConfiguration;
			buildSettings = {
				ALWAYS_SEARCH_USER_PATHS = NO;
				CLANG_CXX_LANGUAGE_STANDARD = "gnu++0x";
				CLANG_CXX_LIBRARY = "libc++";
				CLANG_ENABLE_MODULES = YES;
				CLANG_ENABLE_OBJC_ARC = YES;
				CLANG_WARN_BOOL_CONVERSION = YES;
				CLANG_WARN_CONSTANT_CONVERSION = YES;
				CLANG_WARN_DIRECT_OBJC_ISA_USAGE = YES_ERROR;
				CLANG_WARN_EMPTY_BODY = YES;
				CLANG_WARN_ENUM_CONVERSION = YES;
				CLANG_WARN_INT_CONVERSION = YES;
				CLANG_WARN_OBJC_ROOT_CLASS = YES_ERROR;
				CLANG_WARN__DUPLICATE_METHOD_MATCH = YES;
				"CODE_SIGN_IDENTITY[sdk=iphoneos*]" = "iPhone Developer";
				COPY_PHASE_STRIP = NO;
				GCC_C_LANGUAGE_STANDARD = gnu99;
				GCC_DYNAMIC_NO_PIC = NO;
				GCC_OPTIMIZATION_LEVEL = 0;
				GCC_PREPROCESSOR_DEFINITIONS = (
					"DEBUG=1",
					"$(inherited)",
				);
				GCC_SYMBOLS_PRIVATE_EXTERN = NO;
				GCC_WARN_64_TO_32_BIT_CONVERSION = YES;
				GCC_WARN_ABOUT_RETURN_TYPE = YES_ERROR;
				GCC_WARN_UNDECLARED_SELECTOR = YES;
				GCC_WARN_UNINITIALIZED_AUTOS = YES_AGGRESSIVE;
				GCC_WARN_UNUSED_FUNCTION = YES;
				GCC_WARN_UNUSED_VARIABLE = YES;
				IPHONEOS_DEPLOYMENT_TARGET = 8.2;
				ONLY_ACTIVE_ARCH = YES;
				SDKROOT = iphoneos;
				TARGETED_DEVICE_FAMILY = "1,2";
			};
			name = Debug;
		};
		6003F5BE195388D20070C39A /* Release */ = {
			isa = XCBuildConfiguration;
			buildSettings = {
				ALWAYS_SEARCH_USER_PATHS = NO;
				CLANG_CXX_LANGUAGE_STANDARD = "gnu++0x";
				CLANG_CXX_LIBRARY = "libc++";
				CLANG_ENABLE_MODULES = YES;
				CLANG_ENABLE_OBJC_ARC = YES;
				CLANG_WARN_BOOL_CONVERSION = YES;
				CLANG_WARN_CONSTANT_CONVERSION = YES;
				CLANG_WARN_DIRECT_OBJC_ISA_USAGE = YES_ERROR;
				CLANG_WARN_EMPTY_BODY = YES;
				CLANG_WARN_ENUM_CONVERSION = YES;
				CLANG_WARN_INT_CONVERSION = YES;
				CLANG_WARN_OBJC_ROOT_CLASS = YES_ERROR;
				CLANG_WARN__DUPLICATE_METHOD_MATCH = YES;
				"CODE_SIGN_IDENTITY[sdk=iphoneos*]" = "iPhone Developer";
				COPY_PHASE_STRIP = YES;
				ENABLE_NS_ASSERTIONS = NO;
				GCC_C_LANGUAGE_STANDARD = gnu99;
				GCC_WARN_64_TO_32_BIT_CONVERSION = YES;
				GCC_WARN_ABOUT_RETURN_TYPE = YES_ERROR;
				GCC_WARN_UNDECLARED_SELECTOR = YES;
				GCC_WARN_UNINITIALIZED_AUTOS = YES_AGGRESSIVE;
				GCC_WARN_UNUSED_FUNCTION = YES;
				GCC_WARN_UNUSED_VARIABLE = YES;
				IPHONEOS_DEPLOYMENT_TARGET = 8.2;
				SDKROOT = iphoneos;
				TARGETED_DEVICE_FAMILY = "1,2";
				VALIDATE_PRODUCT = YES;
			};
			name = Release;
		};
		6003F5C3195388D20070C39A /* Debug */ = {
			isa = XCBuildConfiguration;
			baseConfigurationReference = 91D4F3E1AAEE0701A5E76216 /* Pods.debug.xcconfig */;
			buildSettings = {
				CLANG_ENABLE_MODULES = YES;
				FRAMEWORK_SEARCH_PATHS = (
					"$(SDKROOT)/Developer/Library/Frameworks",
					"$(inherited)",
					"$(DEVELOPER_FRAMEWORKS_DIR)",
					"$(PROJECT_DIR)/build/Debug-iphoneos/Pods",
				);
				GCC_PRECOMPILE_PREFIX_HEADER = YES;
				GCC_PREFIX_HEADER = "Test/Supporting Files/Test-Prefix.pch";
				GCC_PREPROCESSOR_DEFINITIONS = (
					"DEBUG=1",
					"$(inherited)",
				);
				INFOPLIST_FILE = "Test/Supporting Files/Test-Info.plist";
				IPHONEOS_DEPLOYMENT_TARGET = 8.2;
				LD_RUNPATH_SEARCH_PATHS = "$(inherited) @executable_path/Frameworks @loader_path/Frameworks";
				PRODUCT_NAME = "$(TARGET_NAME)";
				SWIFT_OBJC_BRIDGING_HEADER = "Test/Supporting Files/Liferay-Push-Bridging-Header.h";
				SWIFT_OPTIMIZATION_LEVEL = "-Onone";
				TEST_HOST = "$(BUNDLE_LOADER)";
				WRAPPER_EXTENSION = xctest;
			};
			name = Debug;
		};
		6003F5C4195388D20070C39A /* Release */ = {
			isa = XCBuildConfiguration;
			baseConfigurationReference = 481DC7505B5FAB6F83793CF8 /* Pods.release.xcconfig */;
			buildSettings = {
				CLANG_ENABLE_MODULES = YES;
				FRAMEWORK_SEARCH_PATHS = (
					"$(SDKROOT)/Developer/Library/Frameworks",
					"$(inherited)",
					"$(DEVELOPER_FRAMEWORKS_DIR)",
					"$(PROJECT_DIR)/build/Debug-iphoneos/Pods",
				);
				GCC_PRECOMPILE_PREFIX_HEADER = YES;
				GCC_PREFIX_HEADER = "Test/Supporting Files/Test-Prefix.pch";
				INFOPLIST_FILE = "Test/Supporting Files/Test-Info.plist";
				IPHONEOS_DEPLOYMENT_TARGET = 8.2;
				LD_RUNPATH_SEARCH_PATHS = "$(inherited) @executable_path/Frameworks @loader_path/Frameworks";
				PRODUCT_NAME = "$(TARGET_NAME)";
				SWIFT_OBJC_BRIDGING_HEADER = "Test/Supporting Files/Liferay-Push-Bridging-Header.h";
				TEST_HOST = "$(BUNDLE_LOADER)";
				WRAPPER_EXTENSION = xctest;
			};
			name = Release;
		};
/* End XCBuildConfiguration section */

/* Begin XCConfigurationList section */
		6003F585195388D10070C39A /* Build configuration list for PBXProject "Liferay-Push" */ = {
			isa = XCConfigurationList;
			buildConfigurations = (
				6003F5BD195388D20070C39A /* Debug */,
				6003F5BE195388D20070C39A /* Release */,
			);
			defaultConfigurationIsVisible = 0;
			defaultConfigurationName = Release;
		};
		6003F5C2195388D20070C39A /* Build configuration list for PBXNativeTarget "Liferay-Push" */ = {
			isa = XCConfigurationList;
			buildConfigurations = (
				6003F5C3195388D20070C39A /* Debug */,
				6003F5C4195388D20070C39A /* Release */,
			);
			defaultConfigurationIsVisible = 0;
			defaultConfigurationName = Release;
		};
/* End XCConfigurationList section */
	};
	rootObject = 6003F582195388D10070C39A /* Project object */;
}
