// !$*UTF8*$!
{
	archiveVersion = 1;
	classes = {
	};
	objectVersion = 50;
	objects = {

/* Begin PBXBuildFile section */
		292DDE9F0D9370B80493CD66 /* Pods_PushSample.framework in Frameworks */ = {isa = PBXBuildFile; fileRef = 2975EC79B6FFC97ABAF43C15 /* Pods_PushSample.framework */; };
		D6B3ACDD20BC2A0F0076891F /* AppDelegate.swift in Sources */ = {isa = PBXBuildFile; fileRef = D6B3ACDC20BC2A0F0076891F /* AppDelegate.swift */; };
		D6B3ACDF20BC2A0F0076891F /* ViewController.swift in Sources */ = {isa = PBXBuildFile; fileRef = D6B3ACDE20BC2A0F0076891F /* ViewController.swift */; };
		D6B3ACE220BC2A0F0076891F /* Main.storyboard in Resources */ = {isa = PBXBuildFile; fileRef = D6B3ACE020BC2A0F0076891F /* Main.storyboard */; };
		D6B3ACE420BC2A100076891F /* Assets.xcassets in Resources */ = {isa = PBXBuildFile; fileRef = D6B3ACE320BC2A100076891F /* Assets.xcassets */; };
		D6B3ACE720BC2A100076891F /* LaunchScreen.storyboard in Resources */ = {isa = PBXBuildFile; fileRef = D6B3ACE520BC2A100076891F /* LaunchScreen.storyboard */; };
/* End PBXBuildFile section */

/* Begin PBXFileReference section */
		142ADE680D095CD5E11C2735 /* Pods-PushSample.release.xcconfig */ = {isa = PBXFileReference; includeInIndex = 1; lastKnownFileType = text.xcconfig; name = "Pods-PushSample.release.xcconfig"; path = "Pods/Target Support Files/Pods-PushSample/Pods-PushSample.release.xcconfig"; sourceTree = "<group>"; };
		2975EC79B6FFC97ABAF43C15 /* Pods_PushSample.framework */ = {isa = PBXFileReference; explicitFileType = wrapper.framework; includeInIndex = 0; path = Pods_PushSample.framework; sourceTree = BUILT_PRODUCTS_DIR; };
		D604018B20BC2ADC00C4D3B7 /* PushSample.entitlements */ = {isa = PBXFileReference; lastKnownFileType = text.plist.entitlements; path = PushSample.entitlements; sourceTree = "<group>"; };
		D6B3ACD920BC2A0F0076891F /* PushSample.app */ = {isa = PBXFileReference; explicitFileType = wrapper.application; includeInIndex = 0; path = PushSample.app; sourceTree = BUILT_PRODUCTS_DIR; };
		D6B3ACDC20BC2A0F0076891F /* AppDelegate.swift */ = {isa = PBXFileReference; lastKnownFileType = sourcecode.swift; path = AppDelegate.swift; sourceTree = "<group>"; };
		D6B3ACDE20BC2A0F0076891F /* ViewController.swift */ = {isa = PBXFileReference; lastKnownFileType = sourcecode.swift; path = ViewController.swift; sourceTree = "<group>"; };
		D6B3ACE120BC2A0F0076891F /* Base */ = {isa = PBXFileReference; lastKnownFileType = file.storyboard; name = Base; path = Base.lproj/Main.storyboard; sourceTree = "<group>"; };
		D6B3ACE320BC2A100076891F /* Assets.xcassets */ = {isa = PBXFileReference; lastKnownFileType = folder.assetcatalog; path = Assets.xcassets; sourceTree = "<group>"; };
		D6B3ACE620BC2A100076891F /* Base */ = {isa = PBXFileReference; lastKnownFileType = file.storyboard; name = Base; path = Base.lproj/LaunchScreen.storyboard; sourceTree = "<group>"; };
		D6B3ACE820BC2A100076891F /* Info.plist */ = {isa = PBXFileReference; lastKnownFileType = text.plist.xml; path = Info.plist; sourceTree = "<group>"; };
		EDFE698ED4F2BB04DAD425CE /* Pods-PushSample.debug.xcconfig */ = {isa = PBXFileReference; includeInIndex = 1; lastKnownFileType = text.xcconfig; name = "Pods-PushSample.debug.xcconfig"; path = "Pods/Target Support Files/Pods-PushSample/Pods-PushSample.debug.xcconfig"; sourceTree = "<group>"; };
/* End PBXFileReference section */

/* Begin PBXFrameworksBuildPhase section */
		D6B3ACD620BC2A0F0076891F /* Frameworks */ = {
			isa = PBXFrameworksBuildPhase;
			buildActionMask = 2147483647;
			files = (
				292DDE9F0D9370B80493CD66 /* Pods_PushSample.framework in Frameworks */,
			);
			runOnlyForDeploymentPostprocessing = 0;
		};
/* End PBXFrameworksBuildPhase section */

/* Begin PBXGroup section */
		35F7E31C7619EC22C3C7C5E8 /* Pods */ = {
			isa = PBXGroup;
			children = (
				EDFE698ED4F2BB04DAD425CE /* Pods-PushSample.debug.xcconfig */,
				142ADE680D095CD5E11C2735 /* Pods-PushSample.release.xcconfig */,
			);
			name = Pods;
			sourceTree = "<group>";
		};
		D6B3ACD020BC2A0F0076891F = {
			isa = PBXGroup;
			children = (
				D6B3ACDB20BC2A0F0076891F /* PushSample */,
				D6B3ACDA20BC2A0F0076891F /* Products */,
				35F7E31C7619EC22C3C7C5E8 /* Pods */,
				EE21E696B7081C8E73EF0E95 /* Frameworks */,
			);
			sourceTree = "<group>";
		};
		D6B3ACDA20BC2A0F0076891F /* Products */ = {
			isa = PBXGroup;
			children = (
				D6B3ACD920BC2A0F0076891F /* PushSample.app */,
			);
			name = Products;
			sourceTree = "<group>";
		};
		D6B3ACDB20BC2A0F0076891F /* PushSample */ = {
			isa = PBXGroup;
			children = (
				D604018B20BC2ADC00C4D3B7 /* PushSample.entitlements */,
				D6B3ACDC20BC2A0F0076891F /* AppDelegate.swift */,
				D6B3ACDE20BC2A0F0076891F /* ViewController.swift */,
				D6B3ACE020BC2A0F0076891F /* Main.storyboard */,
				D6B3ACE320BC2A100076891F /* Assets.xcassets */,
				D6B3ACE520BC2A100076891F /* LaunchScreen.storyboard */,
				D6B3ACE820BC2A100076891F /* Info.plist */,
			);
			path = PushSample;
			sourceTree = "<group>";
		};
		EE21E696B7081C8E73EF0E95 /* Frameworks */ = {
			isa = PBXGroup;
			children = (
				2975EC79B6FFC97ABAF43C15 /* Pods_PushSample.framework */,
			);
			name = Frameworks;
			sourceTree = "<group>";
		};
/* End PBXGroup section */

/* Begin PBXNativeTarget section */
		D6B3ACD820BC2A0F0076891F /* PushSample */ = {
			isa = PBXNativeTarget;
			buildConfigurationList = D6B3ACEB20BC2A100076891F /* Build configuration list for PBXNativeTarget "PushSample" */;
			buildPhases = (
				8A2DAEE71C8FA1952C0C108A /* [CP] Check Pods Manifest.lock */,
				D6B3ACD520BC2A0F0076891F /* Sources */,
				D6B3ACD620BC2A0F0076891F /* Frameworks */,
				D6B3ACD720BC2A0F0076891F /* Resources */,
				1BD3EBDF38632FDDD76DE264 /* [CP] Embed Pods Frameworks */,
			);
			buildRules = (
			);
			dependencies = (
			);
			name = PushSample;
			productName = PushSample;
			productReference = D6B3ACD920BC2A0F0076891F /* PushSample.app */;
			productType = "com.apple.product-type.application";
		};
/* End PBXNativeTarget section */

/* Begin PBXProject section */
		D6B3ACD120BC2A0F0076891F /* Project object */ = {
			isa = PBXProject;
			attributes = {
				LastSwiftUpdateCheck = 0930;
				LastUpgradeCheck = 0930;
				ORGANIZATIONNAME = "Victor Galan";
				TargetAttributes = {
					D6B3ACD820BC2A0F0076891F = {
						CreatedOnToolsVersion = 9.3;
						SystemCapabilities = {
							com.apple.BackgroundModes = {
								enabled = 1;
							};
							com.apple.Push = {
								enabled = 1;
							};
						};
					};
				};
			};
			buildConfigurationList = D6B3ACD420BC2A0F0076891F /* Build configuration list for PBXProject "PushSample" */;
			compatibilityVersion = "Xcode 9.3";
			developmentRegion = en;
			hasScannedForEncodings = 0;
			knownRegions = (
				en,
				Base,
			);
			mainGroup = D6B3ACD020BC2A0F0076891F;
			productRefGroup = D6B3ACDA20BC2A0F0076891F /* Products */;
			projectDirPath = "";
			projectRoot = "";
			targets = (
				D6B3ACD820BC2A0F0076891F /* PushSample */,
			);
		};
/* End PBXProject section */

/* Begin PBXResourcesBuildPhase section */
		D6B3ACD720BC2A0F0076891F /* Resources */ = {
			isa = PBXResourcesBuildPhase;
			buildActionMask = 2147483647;
			files = (
				D6B3ACE720BC2A100076891F /* LaunchScreen.storyboard in Resources */,
				D6B3ACE420BC2A100076891F /* Assets.xcassets in Resources */,
				D6B3ACE220BC2A0F0076891F /* Main.storyboard in Resources */,
			);
			runOnlyForDeploymentPostprocessing = 0;
		};
/* End PBXResourcesBuildPhase section */

/* Begin PBXShellScriptBuildPhase section */
		1BD3EBDF38632FDDD76DE264 /* [CP] Embed Pods Frameworks */ = {
			isa = PBXShellScriptBuildPhase;
			buildActionMask = 2147483647;
			files = (
			);
			inputPaths = (
				"${SRCROOT}/Pods/Target Support Files/Pods-PushSample/Pods-PushSample-frameworks.sh",
				"${BUILT_PRODUCTS_DIR}/AFNetworking/AFNetworking.framework",
				"${BUILT_PRODUCTS_DIR}/Liferay-Push/LRPush.framework",
				"${BUILT_PRODUCTS_DIR}/Liferay-iOS-SDK/LRMobileSDK.framework",
			);
			name = "[CP] Embed Pods Frameworks";
			outputPaths = (
				"${TARGET_BUILD_DIR}/${FRAMEWORKS_FOLDER_PATH}/AFNetworking.framework",
				"${TARGET_BUILD_DIR}/${FRAMEWORKS_FOLDER_PATH}/LRPush.framework",
				"${TARGET_BUILD_DIR}/${FRAMEWORKS_FOLDER_PATH}/LRMobileSDK.framework",
			);
			runOnlyForDeploymentPostprocessing = 0;
			shellPath = /bin/sh;
			shellScript = "\"${SRCROOT}/Pods/Target Support Files/Pods-PushSample/Pods-PushSample-frameworks.sh\"\n";
			showEnvVarsInLog = 0;
		};
		8A2DAEE71C8FA1952C0C108A /* [CP] Check Pods Manifest.lock */ = {
			isa = PBXShellScriptBuildPhase;
			buildActionMask = 2147483647;
			files = (
			);
			inputPaths = (
				"${PODS_PODFILE_DIR_PATH}/Podfile.lock",
				"${PODS_ROOT}/Manifest.lock",
			);
			name = "[CP] Check Pods Manifest.lock";
			outputPaths = (
				"$(DERIVED_FILE_DIR)/Pods-PushSample-checkManifestLockResult.txt",
			);
			runOnlyForDeploymentPostprocessing = 0;
			shellPath = /bin/sh;
			shellScript = "diff \"${PODS_PODFILE_DIR_PATH}/Podfile.lock\" \"${PODS_ROOT}/Manifest.lock\" > /dev/null\nif [ $? != 0 ] ; then\n    # print error to STDERR\n    echo \"error: The sandbox is not in sync with the Podfile.lock. Run 'pod install' or update your CocoaPods installation.\" >&2\n    exit 1\nfi\n# This output is used by Xcode 'outputs' to avoid re-running this script phase.\necho \"SUCCESS\" > \"${SCRIPT_OUTPUT_FILE_0}\"\n";
			showEnvVarsInLog = 0;
		};
/* End PBXShellScriptBuildPhase section */

/* Begin PBXSourcesBuildPhase section */
		D6B3ACD520BC2A0F0076891F /* Sources */ = {
			isa = PBXSourcesBuildPhase;
			buildActionMask = 2147483647;
			files = (
				D6B3ACDF20BC2A0F0076891F /* ViewController.swift in Sources */,
				D6B3ACDD20BC2A0F0076891F /* AppDelegate.swift in Sources */,
			);
			runOnlyForDeploymentPostprocessing = 0;
		};
/* End PBXSourcesBuildPhase section */

/* Begin PBXVariantGroup section */
		D6B3ACE020BC2A0F0076891F /* Main.storyboard */ = {
			isa = PBXVariantGroup;
			children = (
				D6B3ACE120BC2A0F0076891F /* Base */,
			);
			name = Main.storyboard;
			sourceTree = "<group>";
		};
		D6B3ACE520BC2A100076891F /* LaunchScreen.storyboard */ = {
			isa = PBXVariantGroup;
			children = (
				D6B3ACE620BC2A100076891F /* Base */,
			);
			name = LaunchScreen.storyboard;
			sourceTree = "<group>";
		};
/* End PBXVariantGroup section */

/* Begin XCBuildConfiguration section */
		D6B3ACE920BC2A100076891F /* Debug */ = {
			isa = XCBuildConfiguration;
			buildSettings = {
				ALWAYS_SEARCH_USER_PATHS = NO;
				CLANG_ANALYZER_NONNULL = YES;
				CLANG_ANALYZER_NUMBER_OBJECT_CONVERSION = YES_AGGRESSIVE;
				CLANG_CXX_LANGUAGE_STANDARD = "gnu++14";
				CLANG_CXX_LIBRARY = "libc++";
				CLANG_ENABLE_MODULES = YES;
				CLANG_ENABLE_OBJC_ARC = YES;
				CLANG_ENABLE_OBJC_WEAK = YES;
				CLANG_WARN_BLOCK_CAPTURE_AUTORELEASING = YES;
				CLANG_WARN_BOOL_CONVERSION = YES;
				CLANG_WARN_COMMA = YES;
				CLANG_WARN_CONSTANT_CONVERSION = YES;
				CLANG_WARN_DEPRECATED_OBJC_IMPLEMENTATIONS = YES;
				CLANG_WARN_DIRECT_OBJC_ISA_USAGE = YES_ERROR;
				CLANG_WARN_DOCUMENTATION_COMMENTS = YES;
				CLANG_WARN_EMPTY_BODY = YES;
				CLANG_WARN_ENUM_CONVERSION = YES;
				CLANG_WARN_INFINITE_RECURSION = YES;
				CLANG_WARN_INT_CONVERSION = YES;
				CLANG_WARN_NON_LITERAL_NULL_CONVERSION = YES;
				CLANG_WARN_OBJC_IMPLICIT_RETAIN_SELF = YES;
				CLANG_WARN_OBJC_LITERAL_CONVERSION = YES;
				CLANG_WARN_OBJC_ROOT_CLASS = YES_ERROR;
				CLANG_WARN_RANGE_LOOP_ANALYSIS = YES;
				CLANG_WARN_STRICT_PROTOTYPES = YES;
				CLANG_WARN_SUSPICIOUS_MOVE = YES;
				CLANG_WARN_UNGUARDED_AVAILABILITY = YES_AGGRESSIVE;
				CLANG_WARN_UNREACHABLE_CODE = YES;
				CLANG_WARN__DUPLICATE_METHOD_MATCH = YES;
				CODE_SIGN_IDENTITY = "iPhone Developer";
				COPY_PHASE_STRIP = NO;
				DEBUG_INFORMATION_FORMAT = dwarf;
				ENABLE_STRICT_OBJC_MSGSEND = YES;
				ENABLE_TESTABILITY = YES;
				GCC_C_LANGUAGE_STANDARD = gnu11;
				GCC_DYNAMIC_NO_PIC = NO;
				GCC_NO_COMMON_BLOCKS = YES;
				GCC_OPTIMIZATION_LEVEL = 0;
				GCC_PREPROCESSOR_DEFINITIONS = (
					"DEBUG=1",
					"$(inherited)",
				);
				GCC_WARN_64_TO_32_BIT_CONVERSION = YES;
				GCC_WARN_ABOUT_RETURN_TYPE = YES_ERROR;
				GCC_WARN_UNDECLARED_SELECTOR = YES;
				GCC_WARN_UNINITIALIZED_AUTOS = YES_AGGRESSIVE;
				GCC_WARN_UNUSED_FUNCTION = YES;
				GCC_WARN_UNUSED_VARIABLE = YES;
				IPHONEOS_DEPLOYMENT_TARGET = 11.3;
				MTL_ENABLE_DEBUG_INFO = YES;
				ONLY_ACTIVE_ARCH = YES;
				SDKROOT = iphoneos;
				SWIFT_ACTIVE_COMPILATION_CONDITIONS = DEBUG;
				SWIFT_OPTIMIZATION_LEVEL = "-Onone";
			};
			name = Debug;
		};
		D6B3ACEA20BC2A100076891F /* Release */ = {
			isa = XCBuildConfiguration;
			buildSettings = {
				ALWAYS_SEARCH_USER_PATHS = NO;
				CLANG_ANALYZER_NONNULL = YES;
				CLANG_ANALYZER_NUMBER_OBJECT_CONVERSION = YES_AGGRESSIVE;
				CLANG_CXX_LANGUAGE_STANDARD = "gnu++14";
				CLANG_CXX_LIBRARY = "libc++";
				CLANG_ENABLE_MODULES = YES;
				CLANG_ENABLE_OBJC_ARC = YES;
				CLANG_ENABLE_OBJC_WEAK = YES;
				CLANG_WARN_BLOCK_CAPTURE_AUTORELEASING = YES;
				CLANG_WARN_BOOL_CONVERSION = YES;
				CLANG_WARN_COMMA = YES;
				CLANG_WARN_CONSTANT_CONVERSION = YES;
				CLANG_WARN_DEPRECATED_OBJC_IMPLEMENTATIONS = YES;
				CLANG_WARN_DIRECT_OBJC_ISA_USAGE = YES_ERROR;
				CLANG_WARN_DOCUMENTATION_COMMENTS = YES;
				CLANG_WARN_EMPTY_BODY = YES;
				CLANG_WARN_ENUM_CONVERSION = YES;
				CLANG_WARN_INFINITE_RECURSION = YES;
				CLANG_WARN_INT_CONVERSION = YES;
				CLANG_WARN_NON_LITERAL_NULL_CONVERSION = YES;
				CLANG_WARN_OBJC_IMPLICIT_RETAIN_SELF = YES;
				CLANG_WARN_OBJC_LITERAL_CONVERSION = YES;
				CLANG_WARN_OBJC_ROOT_CLASS = YES_ERROR;
				CLANG_WARN_RANGE_LOOP_ANALYSIS = YES;
				CLANG_WARN_STRICT_PROTOTYPES = YES;
				CLANG_WARN_SUSPICIOUS_MOVE = YES;
				CLANG_WARN_UNGUARDED_AVAILABILITY = YES_AGGRESSIVE;
				CLANG_WARN_UNREACHABLE_CODE = YES;
				CLANG_WARN__DUPLICATE_METHOD_MATCH = YES;
				CODE_SIGN_IDENTITY = "iPhone Developer";
				COPY_PHASE_STRIP = NO;
				DEBUG_INFORMATION_FORMAT = "dwarf-with-dsym";
				ENABLE_NS_ASSERTIONS = NO;
				ENABLE_STRICT_OBJC_MSGSEND = YES;
				GCC_C_LANGUAGE_STANDARD = gnu11;
				GCC_NO_COMMON_BLOCKS = YES;
				GCC_WARN_64_TO_32_BIT_CONVERSION = YES;
				GCC_WARN_ABOUT_RETURN_TYPE = YES_ERROR;
				GCC_WARN_UNDECLARED_SELECTOR = YES;
				GCC_WARN_UNINITIALIZED_AUTOS = YES_AGGRESSIVE;
				GCC_WARN_UNUSED_FUNCTION = YES;
				GCC_WARN_UNUSED_VARIABLE = YES;
				IPHONEOS_DEPLOYMENT_TARGET = 11.3;
				MTL_ENABLE_DEBUG_INFO = NO;
				SDKROOT = iphoneos;
				SWIFT_COMPILATION_MODE = wholemodule;
				SWIFT_OPTIMIZATION_LEVEL = "-O";
				VALIDATE_PRODUCT = YES;
			};
			name = Release;
		};
		D6B3ACEC20BC2A100076891F /* Debug */ = {
			isa = XCBuildConfiguration;
			baseConfigurationReference = EDFE698ED4F2BB04DAD425CE /* Pods-PushSample.debug.xcconfig */;
			buildSettings = {
				ASSETCATALOG_COMPILER_APPICON_NAME = AppIcon;
				CODE_SIGN_ENTITLEMENTS = PushSample/PushSample.entitlements;
				CODE_SIGN_STYLE = Automatic;
				DEVELOPMENT_TEAM = 7H3SPU5TB9;
				INFOPLIST_FILE = PushSample/Info.plist;
				LD_RUNPATH_SEARCH_PATHS = (
					"$(inherited)",
					"@executable_path/Frameworks",
				);
				PRODUCT_BUNDLE_IDENTIFIER = com.liferay.push.tutorial;
				PRODUCT_NAME = "$(TARGET_NAME)";
				SWIFT_VERSION = 4.0;
				TARGETED_DEVICE_FAMILY = "1,2";
			};
			name = Debug;
		};
		D6B3ACED20BC2A100076891F /* Release */ = {
			isa = XCBuildConfiguration;
			baseConfigurationReference = 142ADE680D095CD5E11C2735 /* Pods-PushSample.release.xcconfig */;
			buildSettings = {
				ASSETCATALOG_COMPILER_APPICON_NAME = AppIcon;
				CODE_SIGN_ENTITLEMENTS = PushSample/PushSample.entitlements;
				CODE_SIGN_STYLE = Automatic;
				DEVELOPMENT_TEAM = 7H3SPU5TB9;
				INFOPLIST_FILE = PushSample/Info.plist;
				LD_RUNPATH_SEARCH_PATHS = (
					"$(inherited)",
					"@executable_path/Frameworks",
				);
				PRODUCT_BUNDLE_IDENTIFIER = com.liferay.push.tutorial;
				PRODUCT_NAME = "$(TARGET_NAME)";
				SWIFT_VERSION = 4.0;
				TARGETED_DEVICE_FAMILY = "1,2";
			};
			name = Release;
		};
/* End XCBuildConfiguration section */

/* Begin XCConfigurationList section */
		D6B3ACD420BC2A0F0076891F /* Build configuration list for PBXProject "PushSample" */ = {
			isa = XCConfigurationList;
			buildConfigurations = (
				D6B3ACE920BC2A100076891F /* Debug */,
				D6B3ACEA20BC2A100076891F /* Release */,
			);
			defaultConfigurationIsVisible = 0;
			defaultConfigurationName = Release;
		};
		D6B3ACEB20BC2A100076891F /* Build configuration list for PBXNativeTarget "PushSample" */ = {
			isa = XCConfigurationList;
			buildConfigurations = (
				D6B3ACEC20BC2A100076891F /* Debug */,
				D6B3ACED20BC2A100076891F /* Release */,
			);
			defaultConfigurationIsVisible = 0;
			defaultConfigurationName = Release;
		};
/* End XCConfigurationList section */
	};
	rootObject = D6B3ACD120BC2A0F0076891F /* Project object */;
}
